
Microsoft Visual Studio Solution File, Format Version 12.00
# Visual Studio Version 16
VisualStudioVersion = 16.0.31105.61
MinimumVisualStudioVersion = 10.0.40219.1
Project("{FAE04EC0-301F-11D3-BF4B-00C04F79EFBC}") = "RefitExample", "RefitExample\RefitExample.csproj", "{47436047-51AF-426A-9BA6-4F6463D5B43E}"
EndProject
Global
	GlobalSection(SolutionConfigurationPlatforms) = preSolution
		Debug|Any CPU = Debug|Any CPU
		Release|Any CPU = Release|Any CPU
	EndGlobalSection
	GlobalSection(ProjectConfigurationPlatforms) = postSolution
		{47436047-51AF-426A-9BA6-4F6463D5B43E}.Debug|Any CPU.ActiveCfg = Debug|Any CPU
		{47436047-51AF-426A-9BA6-4F6463D5B43E}.Debug|Any CPU.Build.0 = Debug|Any CPU
		{47436047-51AF-426A-9BA6-4F6463D5B43E}.Release|Any CPU.ActiveCfg = Release|Any CPU
		{47436047-51AF-426A-9BA6-4F6463D5B43E}.Release|Any CPU.Build.0 = Release|Any CPU
	EndGlobalSection
	GlobalSection(SolutionProperties) = preSolution
		HideSolutionNode = FALSE
	EndGlobalSection
	GlobalSection(ExtensibilityGlobals) = postSolution
		SolutionGuid = {951B2AF0-FAE9-4CFB-BBA5-07485E4931E7}
	EndGlobalSection
EndGlobal
